
Microsoft Visual Studio Solution File, Format Version 12.00
# Visual Studio Version 16
VisualStudioVersion = 16.0.30204.135
MinimumVisualStudioVersion = 10.0.40219.1
Project("{FAE04EC0-301F-11D3-BF4B-00C04F79EFBC}") = "Databasedd", "Databasedd\Databasedd.csproj", "{C3546D2C-8556-473C-B9CA-8444FD58E357}"
EndProject
Global
	GlobalSection(SolutionConfigurationPlatforms) = preSolution
		Debug|Any CPU = Debug|Any CPU
		Release|Any CPU = Release|Any CPU
	EndGlobalSection
	GlobalSection(ProjectConfigurationPlatforms) = postSolution
		{C3546D2C-8556-473C-B9CA-8444FD58E357}.Debug|Any CPU.ActiveCfg = Debug|Any CPU
		{C3546D2C-8556-473C-B9CA-8444FD58E357}.Debug|Any CPU.Build.0 = Debug|Any CPU
		{C3546D2C-8556-473C-B9CA-8444FD58E357}.Release|Any CPU.ActiveCfg = Release|Any CPU
		{C3546D2C-8556-473C-B9CA-8444FD58E357}.Release|Any CPU.Build.0 = Release|Any CPU
	EndGlobalSection
	GlobalSection(SolutionProperties) = preSolution
		HideSolutionNode = FALSE
	EndGlobalSection
	GlobalSection(ExtensibilityGlobals) = postSolution
		SolutionGuid = {C7D810FF-AFB4-4BAC-8749-416CE7D166D0}
	EndGlobalSection
EndGlobal
